# This file is autogenerated, do not edit; changes may be undone by the next 'dep ensure'.


[[projects]]
  name = "github.com/miekg/dns"
  packages = ["."]
  revision = "046ae4ead6667e267f50cd29f05194c7b6d86bfb"
  version = "v1.1.20"

[[projects]]
  branch = "master"
  name = "golang.org/x/crypto"
  packages = [
    "ed25519",
    "ed25519/internal/edwards25519"
  ]
  revision = "34f69633bfdcf9db92f698f8487115767eebef81"

[[projects]]
  branch = "master"
  name = "golang.org/x/net"
  packages = [
    "bpf",
    "internal/iana",
    "internal/socket",
    "ipv4",
    "ipv6"
  ]
  revision = "d98b1b4438230571bd7fbc5aaa89843e92937bd3"

[[projects]]
  branch = "master"
  name = "golang.org/x/sys"
  packages = [
    "unix",
    "windows"
  ]
  revision = "c178f38b412c7b426e4e97be2e75d11ff7b8d4d4"

[solve-meta]
  analyzer-name = "dep"
  analyzer-version = 1
  inputs-digest = "2e19938885710456e8672cc504a6c091e066c6d6c27ef8a3244ed15234a5cef3"
  solver-name = "gps-cdcl"
  solver-version = 1
